
Microsoft Visual Studio Solution File, Format Version 12.00
# Visual Studio Version 16
VisualStudioVersion = 16.0.30804.86
MinimumVisualStudioVersion = 10.0.40219.1
Project("{FAE04EC0-301F-11D3-BF4B-00C04F79EFBC}") = "Dungeons and Dragons", "Dungeons and Dragons\Dungeons and Dragons.csproj", "{20DB95F3-A06D-4F2C-8CDD-23F29E447C9F}"
EndProject
Project("{FAE04EC0-301F-11D3-BF4B-00C04F79EFBC}") = "Dungeons and Dragons Test", "Dungeons and Dragons Test\Dungeons and Dragons Test.csproj", "{FBB0098F-F951-4C69-B5FA-5A7A3AB938F5}"
EndProject
Global
	GlobalSection(SolutionConfigurationPlatforms) = preSolution
		Debug|Any CPU = Debug|Any CPU
		Release|Any CPU = Release|Any CPU
	EndGlobalSection
	GlobalSection(ProjectConfigurationPlatforms) = postSolution
		{20DB95F3-A06D-4F2C-8CDD-23F29E447C9F}.Debug|Any CPU.ActiveCfg = Debug|Any CPU
		{20DB95F3-A06D-4F2C-8CDD-23F29E447C9F}.Debug|Any CPU.Build.0 = Debug|Any CPU
		{20DB95F3-A06D-4F2C-8CDD-23F29E447C9F}.Release|Any CPU.ActiveCfg = Release|Any CPU
		{20DB95F3-A06D-4F2C-8CDD-23F29E447C9F}.Release|Any CPU.Build.0 = Release|Any CPU
		{FBB0098F-F951-4C69-B5FA-5A7A3AB938F5}.Debug|Any CPU.ActiveCfg = Debug|Any CPU
		{FBB0098F-F951-4C69-B5FA-5A7A3AB938F5}.Debug|Any CPU.Build.0 = Debug|Any CPU
		{FBB0098F-F951-4C69-B5FA-5A7A3AB938F5}.Release|Any CPU.ActiveCfg = Release|Any CPU
		{FBB0098F-F951-4C69-B5FA-5A7A3AB938F5}.Release|Any CPU.Build.0 = Release|Any CPU
	EndGlobalSection
	GlobalSection(SolutionProperties) = preSolution
		HideSolutionNode = FALSE
	EndGlobalSection
	GlobalSection(ExtensibilityGlobals) = postSolution
		SolutionGuid = {B616BCBF-BC45-4322-9BDA-50BB97EEE7DB}
	EndGlobalSection
EndGlobal
